{
  "sources": {
    "hipsnip-jetty": {
      "path": "."
    },
    "apt": {
      "locked_version": "2.1.0"
    },
    "minitest-handler": {
      "locked_version": "0.2.1"
    },
    "hipsnip-jetty_test": {
      "path": "./test/cookbooks/hipsnip-jetty_test"
    },
    "java": {
      "locked_version": "1.14.0"
    },
    "windows": {
      "locked_version": "1.10.0"
    },
    "chef_handler": {
      "locked_version": "1.1.4"
    },
    "aws": {
      "locked_version": "0.101.6"
    }
  }
}
